// !$*UTF8*$!
{
	archiveVersion = 1;
	classes = {
	};
	objectVersion = 50;
	objects = {

/* Begin PBXBuildFile section */
		AF02CE64233C6DDC00F73C46 /* ViewController2.swift in Sources */ = {isa = PBXBuildFile; fileRef = AF02CE63233C6DDC00F73C46 /* ViewController2.swift */; };
		AF08B1B4233C219D008858C4 /* AppDelegate.swift in Sources */ = {isa = PBXBuildFile; fileRef = AF08B1B3233C219D008858C4 /* AppDelegate.swift */; };
		AF08B1B6233C219D008858C4 /* ViewController.swift in Sources */ = {isa = PBXBuildFile; fileRef = AF08B1B5233C219D008858C4 /* ViewController.swift */; };
		AF08B1B9233C219D008858C4 /* Main.storyboard in Resources */ = {isa = PBXBuildFile; fileRef = AF08B1B7233C219D008858C4 /* Main.storyboard */; };
		AF08B1BB233C21A0008858C4 /* Assets.xcassets in Resources */ = {isa = PBXBuildFile; fileRef = AF08B1BA233C21A0008858C4 /* Assets.xcassets */; };
		AF08B1BE233C21A0008858C4 /* LaunchScreen.storyboard in Resources */ = {isa = PBXBuildFile; fileRef = AF08B1BC233C21A0008858C4 /* LaunchScreen.storyboard */; };
		AFC39F7D233D0B5C0092DB0A /* PDF in Resources */ = {isa = PBXBuildFile; fileRef = AFC39F7C233D0B5B0092DB0A /* PDF */; };
		AFC39F80233D32450092DB0A /* WebKit.framework in Frameworks */ = {isa = PBXBuildFile; fileRef = AFC39F7F233D32450092DB0A /* WebKit.framework */; };
		AFC39FA2233D616D0092DB0A /* Libro.jpg in Resources */ = {isa = PBXBuildFile; fileRef = AFC39FA1233D616D0092DB0A /* Libro.jpg */; };
/* End PBXBuildFile section */

/* Begin PBXFileReference section */
		AF02CE63233C6DDC00F73C46 /* ViewController2.swift */ = {isa = PBXFileReference; lastKnownFileType = sourcecode.swift; path = ViewController2.swift; sourceTree = "<group>"; };
		AF02CE65233C747D00F73C46 /* MyPlayground.playground */ = {isa = PBXFileReference; lastKnownFileType = file.playground; path = MyPlayground.playground; sourceTree = "<group>"; xcLanguageSpecificationIdentifier = xcode.lang.swift; };
		AF08B1B0233C219D008858C4 /* Table.app */ = {isa = PBXFileReference; explicitFileType = wrapper.application; includeInIndex = 0; path = Table.app; sourceTree = BUILT_PRODUCTS_DIR; };
		AF08B1B3233C219D008858C4 /* AppDelegate.swift */ = {isa = PBXFileReference; lastKnownFileType = sourcecode.swift; path = AppDelegate.swift; sourceTree = "<group>"; };
		AF08B1B5233C219D008858C4 /* ViewController.swift */ = {isa = PBXFileReference; lastKnownFileType = sourcecode.swift; path = ViewController.swift; sourceTree = "<group>"; };
		AF08B1B8233C219D008858C4 /* Base */ = {isa = PBXFileReference; lastKnownFileType = file.storyboard; name = Base; path = Base.lproj/Main.storyboard; sourceTree = "<group>"; };
		AF08B1BA233C21A0008858C4 /* Assets.xcassets */ = {isa = PBXFileReference; lastKnownFileType = folder.assetcatalog; path = Assets.xcassets; sourceTree = "<group>"; };
		AF08B1BD233C21A0008858C4 /* Base */ = {isa = PBXFileReference; lastKnownFileType = file.storyboard; name = Base; path = Base.lproj/LaunchScreen.storyboard; sourceTree = "<group>"; };
		AF08B1BF233C21A0008858C4 /* Info.plist */ = {isa = PBXFileReference; lastKnownFileType = text.plist.xml; path = Info.plist; sourceTree = "<group>"; };
		AFC39F7C233D0B5B0092DB0A /* PDF */ = {isa = PBXFileReference; lastKnownFileType = folder; path = PDF; sourceTree = "<group>"; };
		AFC39F7F233D32450092DB0A /* WebKit.framework */ = {isa = PBXFileReference; lastKnownFileType = wrapper.framework; name = WebKit.framework; path = System/Library/Frameworks/WebKit.framework; sourceTree = SDKROOT; };
		AFC39FA1233D616D0092DB0A /* Libro.jpg */ = {isa = PBXFileReference; lastKnownFileType = image.jpeg; path = Libro.jpg; sourceTree = "<group>"; };
/* End PBXFileReference section */

/* Begin PBXFrameworksBuildPhase section */
		AF08B1AD233C219D008858C4 /* Frameworks */ = {
			isa = PBXFrameworksBuildPhase;
			buildActionMask = 2147483647;
			files = (
				AFC39F80233D32450092DB0A /* WebKit.framework in Frameworks */,
			);
			runOnlyForDeploymentPostprocessing = 0;
		};
/* End PBXFrameworksBuildPhase section */

/* Begin PBXGroup section */
		AF08B1A7233C219D008858C4 = {
			isa = PBXGroup;
			children = (
				AF08B1B2233C219D008858C4 /* Table */,
				AF08B1B1233C219D008858C4 /* Products */,
				AFC39F7E233D32450092DB0A /* Frameworks */,
			);
			sourceTree = "<group>";
		};
		AF08B1B1233C219D008858C4 /* Products */ = {
			isa = PBXGroup;
			children = (
				AF08B1B0233C219D008858C4 /* Table.app */,
			);
			name = Products;
			sourceTree = "<group>";
		};
		AF08B1B2233C219D008858C4 /* Table */ = {
			isa = PBXGroup;
			children = (
				AF08B1B3233C219D008858C4 /* AppDelegate.swift */,
				AF08B1B5233C219D008858C4 /* ViewController.swift */,
				AF02CE63233C6DDC00F73C46 /* ViewController2.swift */,
				AF08B1B7233C219D008858C4 /* Main.storyboard */,
				AFC39FA1233D616D0092DB0A /* Libro.jpg */,
				AF08B1BA233C21A0008858C4 /* Assets.xcassets */,
				AF08B1BC233C21A0008858C4 /* LaunchScreen.storyboard */,
				AF08B1BF233C21A0008858C4 /* Info.plist */,
				AFC39F7C233D0B5B0092DB0A /* PDF */,
				AF02CE65233C747D00F73C46 /* MyPlayground.playground */,
			);
			path = Table;
			sourceTree = "<group>";
		};
		AFC39F7E233D32450092DB0A /* Frameworks */ = {
			isa = PBXGroup;
			children = (
				AFC39F7F233D32450092DB0A /* WebKit.framework */,
			);
			name = Frameworks;
			sourceTree = "<group>";
		};
/* End PBXGroup section */

/* Begin PBXNativeTarget section */
		AF08B1AF233C219D008858C4 /* Table */ = {
			isa = PBXNativeTarget;
			buildConfigurationList = AF08B1C2233C21A0008858C4 /* Build configuration list for PBXNativeTarget "Table" */;
			buildPhases = (
				AF08B1AC233C219D008858C4 /* Sources */,
				AF08B1AD233C219D008858C4 /* Frameworks */,
				AF08B1AE233C219D008858C4 /* Resources */,
			);
			buildRules = (
			);
			dependencies = (
			);
			name = Table;
			productName = Table;
			productReference = AF08B1B0233C219D008858C4 /* Table.app */;
			productType = "com.apple.product-type.application";
		};
/* End PBXNativeTarget section */

/* Begin PBXProject section */
		AF08B1A8233C219D008858C4 /* Project object */ = {
			isa = PBXProject;
			attributes = {
				LastSwiftUpdateCheck = 1030;
				LastUpgradeCheck = 1030;
				ORGANIZATIONNAME = "Gerardo Ruiz ";
				TargetAttributes = {
					AF08B1AF233C219D008858C4 = {
						CreatedOnToolsVersion = 10.3;
					};
				};
			};
			buildConfigurationList = AF08B1AB233C219D008858C4 /* Build configuration list for PBXProject "Table" */;
			compatibilityVersion = "Xcode 9.3";
			developmentRegion = en;
			hasScannedForEncodings = 0;
			knownRegions = (
				en,
				Base,
			);
			mainGroup = AF08B1A7233C219D008858C4;
			productRefGroup = AF08B1B1233C219D008858C4 /* Products */;
			projectDirPath = "";
			projectRoot = "";
			targets = (
				AF08B1AF233C219D008858C4 /* Table */,
			);
		};
/* End PBXProject section */

/* Begin PBXResourcesBuildPhase section */
		AF08B1AE233C219D008858C4 /* Resources */ = {
			isa = PBXResourcesBuildPhase;
			buildActionMask = 2147483647;
			files = (
				AF08B1BE233C21A0008858C4 /* LaunchScreen.storyboard in Resources */,
				AFC39F7D233D0B5C0092DB0A /* PDF in Resources */,
				AFC39FA2233D616D0092DB0A /* Libro.jpg in Resources */,
				AF08B1BB233C21A0008858C4 /* Assets.xcassets in Resources */,
				AF08B1B9233C219D008858C4 /* Main.storyboard in Resources */,
			);
			runOnlyForDeploymentPostprocessing = 0;
		};
/* End PBXResourcesBuildPhase section */

/* Begin PBXSourcesBuildPhase section */
		AF08B1AC233C219D008858C4 /* Sources */ = {
			isa = PBXSourcesBuildPhase;
			buildActionMask = 2147483647;
			files = (
				AF08B1B6233C219D008858C4 /* ViewController.swift in Sources */,
				AF08B1B4233C219D008858C4 /* AppDelegate.swift in Sources */,
				AF02CE64233C6DDC00F73C46 /* ViewController2.swift in Sources */,
			);
			runOnlyForDeploymentPostprocessing = 0;
		};
/* End PBXSourcesBuildPhase section */

/* Begin PBXVariantGroup section */
		AF08B1B7233C219D008858C4 /* Main.storyboard */ = {
			isa = PBXVariantGroup;
			children = (
				AF08B1B8233C219D008858C4 /* Base */,
			);
			name = Main.storyboard;
			sourceTree = "<group>";
		};
		AF08B1BC233C21A0008858C4 /* LaunchScreen.storyboard */ = {
			isa = PBXVariantGroup;
			children = (
				AF08B1BD233C21A0008858C4 /* Base */,
			);
			name = LaunchScreen.storyboard;
			sourceTree = "<group>";
		};
/* End PBXVariantGroup section */

/* Begin XCBuildConfiguration section */
		AF08B1C0233C21A0008858C4 /* Debug */ = {
			isa = XCBuildConfiguration;
			buildSettings = {
				ALWAYS_SEARCH_USER_PATHS = NO;
				CLANG_ANALYZER_NONNULL = YES;
				CLANG_ANALYZER_NUMBER_OBJECT_CONVERSION = YES_AGGRESSIVE;
				CLANG_CXX_LANGUAGE_STANDARD = "gnu++14";
				CLANG_CXX_LIBRARY = "libc++";
				CLANG_ENABLE_MODULES = YES;
				CLANG_ENABLE_OBJC_ARC = YES;
				CLANG_ENABLE_OBJC_WEAK = YES;
				CLANG_WARN_BLOCK_CAPTURE_AUTORELEASING = YES;
				CLANG_WARN_BOOL_CONVERSION = YES;
				CLANG_WARN_COMMA = YES;
				CLANG_WARN_CONSTANT_CONVERSION = YES;
				CLANG_WARN_DEPRECATED_OBJC_IMPLEMENTATIONS = YES;
				CLANG_WARN_DIRECT_OBJC_ISA_USAGE = YES_ERROR;
				CLANG_WARN_DOCUMENTATION_COMMENTS = YES;
				CLANG_WARN_EMPTY_BODY = YES;
				CLANG_WARN_ENUM_CONVERSION = YES;
				CLANG_WARN_INFINITE_RECURSION = YES;
				CLANG_WARN_INT_CONVERSION = YES;
				CLANG_WARN_NON_LITERAL_NULL_CONVERSION = YES;
				CLANG_WARN_OBJC_IMPLICIT_RETAIN_SELF = YES;
				CLANG_WARN_OBJC_LITERAL_CONVERSION = YES;
				CLANG_WARN_OBJC_ROOT_CLASS = YES_ERROR;
				CLANG_WARN_RANGE_LOOP_ANALYSIS = YES;
				CLANG_WARN_STRICT_PROTOTYPES = YES;
				CLANG_WARN_SUSPICIOUS_MOVE = YES;
				CLANG_WARN_UNGUARDED_AVAILABILITY = YES_AGGRESSIVE;
				CLANG_WARN_UNREACHABLE_CODE = YES;
				CLANG_WARN__DUPLICATE_METHOD_MATCH = YES;
				CODE_SIGN_IDENTITY = "iPhone Developer";
				COPY_PHASE_STRIP = NO;
				DEBUG_INFORMATION_FORMAT = dwarf;
				ENABLE_STRICT_OBJC_MSGSEND = YES;
				ENABLE_TESTABILITY = YES;
				GCC_C_LANGUAGE_STANDARD = gnu11;
				GCC_DYNAMIC_NO_PIC = NO;
				GCC_NO_COMMON_BLOCKS = YES;
				GCC_OPTIMIZATION_LEVEL = 0;
				GCC_PREPROCESSOR_DEFINITIONS = (
					"DEBUG=1",
					"$(inherited)",
				);
				GCC_WARN_64_TO_32_BIT_CONVERSION = YES;
				GCC_WARN_ABOUT_RETURN_TYPE = YES_ERROR;
				GCC_WARN_UNDECLARED_SELECTOR = YES;
				GCC_WARN_UNINITIALIZED_AUTOS = YES_AGGRESSIVE;
				GCC_WARN_UNUSED_FUNCTION = YES;
				GCC_WARN_UNUSED_VARIABLE = YES;
				IPHONEOS_DEPLOYMENT_TARGET = 12.4;
				MTL_ENABLE_DEBUG_INFO = INCLUDE_SOURCE;
				MTL_FAST_MATH = YES;
				ONLY_ACTIVE_ARCH = YES;
				SDKROOT = iphoneos;
				SWIFT_ACTIVE_COMPILATION_CONDITIONS = DEBUG;
				SWIFT_OPTIMIZATION_LEVEL = "-Onone";
			};
			name = Debug;
		};
		AF08B1C1233C21A0008858C4 /* Release */ = {
			isa = XCBuildConfiguration;
			buildSettings = {
				ALWAYS_SEARCH_USER_PATHS = NO;
				CLANG_ANALYZER_NONNULL = YES;
				CLANG_ANALYZER_NUMBER_OBJECT_CONVERSION = YES_AGGRESSIVE;
				CLANG_CXX_LANGUAGE_STANDARD = "gnu++14";
				CLANG_CXX_LIBRARY = "libc++";
				CLANG_ENABLE_MODULES = YES;
				CLANG_ENABLE_OBJC_ARC = YES;
				CLANG_ENABLE_OBJC_WEAK = YES;
				CLANG_WARN_BLOCK_CAPTURE_AUTORELEASING = YES;
				CLANG_WARN_BOOL_CONVERSION = YES;
				CLANG_WARN_COMMA = YES;
				CLANG_WARN_CONSTANT_CONVERSION = YES;
				CLANG_WARN_DEPRECATED_OBJC_IMPLEMENTATIONS = YES;
				CLANG_WARN_DIRECT_OBJC_ISA_USAGE = YES_ERROR;
				CLANG_WARN_DOCUMENTATION_COMMENTS = YES;
				CLANG_WARN_EMPTY_BODY = YES;
				CLANG_WARN_ENUM_CONVERSION = YES;
				CLANG_WARN_INFINITE_RECURSION = YES;
				CLANG_WARN_INT_CONVERSION = YES;
				CLANG_WARN_NON_LITERAL_NULL_CONVERSION = YES;
				CLANG_WARN_OBJC_IMPLICIT_RETAIN_SELF = YES;
				CLANG_WARN_OBJC_LITERAL_CONVERSION = YES;
				CLANG_WARN_OBJC_ROOT_CLASS = YES_ERROR;
				CLANG_WARN_RANGE_LOOP_ANALYSIS = YES;
				CLANG_WARN_STRICT_PROTOTYPES = YES;
				CLANG_WARN_SUSPICIOUS_MOVE = YES;
				CLANG_WARN_UNGUARDED_AVAILABILITY = YES_AGGRESSIVE;
				CLANG_WARN_UNREACHABLE_CODE = YES;
				CLANG_WARN__DUPLICATE_METHOD_MATCH = YES;
				CODE_SIGN_IDENTITY = "iPhone Developer";
				COPY_PHASE_STRIP = NO;
				DEBUG_INFORMATION_FORMAT = "dwarf-with-dsym";
				ENABLE_NS_ASSERTIONS = NO;
				ENABLE_STRICT_OBJC_MSGSEND = YES;
				GCC_C_LANGUAGE_STANDARD = gnu11;
				GCC_NO_COMMON_BLOCKS = YES;
				GCC_WARN_64_TO_32_BIT_CONVERSION = YES;
				GCC_WARN_ABOUT_RETURN_TYPE = YES_ERROR;
				GCC_WARN_UNDECLARED_SELECTOR = YES;
				GCC_WARN_UNINITIALIZED_AUTOS = YES_AGGRESSIVE;
				GCC_WARN_UNUSED_FUNCTION = YES;
				GCC_WARN_UNUSED_VARIABLE = YES;
				IPHONEOS_DEPLOYMENT_TARGET = 12.4;
				MTL_ENABLE_DEBUG_INFO = NO;
				MTL_FAST_MATH = YES;
				SDKROOT = iphoneos;
				SWIFT_COMPILATION_MODE = wholemodule;
				SWIFT_OPTIMIZATION_LEVEL = "-O";
				VALIDATE_PRODUCT = YES;
			};
			name = Release;
		};
		AF08B1C3233C21A0008858C4 /* Debug */ = {
			isa = XCBuildConfiguration;
			buildSettings = {
				ASSETCATALOG_COMPILER_APPICON_NAME = AppIcon;
				CODE_SIGN_STYLE = Automatic;
				INFOPLIST_FILE = Table/Info.plist;
				LD_RUNPATH_SEARCH_PATHS = (
					"$(inherited)",
					"@executable_path/Frameworks",
				);
				PRODUCT_BUNDLE_IDENTIFIER = com.eks.Table;
				PRODUCT_NAME = "$(TARGET_NAME)";
				SWIFT_VERSION = 5.0;
				TARGETED_DEVICE_FAMILY = "1,2";
			};
			name = Debug;
		};
		AF08B1C4233C21A0008858C4 /* Release */ = {
			isa = XCBuildConfiguration;
			buildSettings = {
				ASSETCATALOG_COMPILER_APPICON_NAME = AppIcon;
				CODE_SIGN_STYLE = Automatic;
				INFOPLIST_FILE = Table/Info.plist;
				LD_RUNPATH_SEARCH_PATHS = (
					"$(inherited)",
					"@executable_path/Frameworks",
				);
				PRODUCT_BUNDLE_IDENTIFIER = com.eks.Table;
				PRODUCT_NAME = "$(TARGET_NAME)";
				SWIFT_VERSION = 5.0;
				TARGETED_DEVICE_FAMILY = "1,2";
			};
			name = Release;
		};
/* End XCBuildConfiguration section */

/* Begin XCConfigurationList section */
		AF08B1AB233C219D008858C4 /* Build configuration list for PBXProject "Table" */ = {
			isa = XCConfigurationList;
			buildConfigurations = (
				AF08B1C0233C21A0008858C4 /* Debug */,
				AF08B1C1233C21A0008858C4 /* Release */,
			);
			defaultConfigurationIsVisible = 0;
			defaultConfigurationName = Release;
		};
		AF08B1C2233C21A0008858C4 /* Build configuration list for PBXNativeTarget "Table" */ = {
			isa = XCConfigurationList;
			buildConfigurations = (
				AF08B1C3233C21A0008858C4 /* Debug */,
				AF08B1C4233C21A0008858C4 /* Release */,
			);
			defaultConfigurationIsVisible = 0;
			defaultConfigurationName = Release;
		};
/* End XCConfigurationList section */
	};
	rootObject = AF08B1A8233C219D008858C4 /* Project object */;
}
